
Microsoft Visual Studio Solution File, Format Version 12.00
# Visual Studio 15
Project("{FAE04EC0-301F-11D3-BF4B-00C04F79EFBC}") = "NavMeshComponents", "NavMeshComponents.csproj", "{264B284B-4F12-C5A9-DAAD-0AB0C73A3911}"
EndProject
Project("{FAE04EC0-301F-11D3-BF4B-00C04F79EFBC}") = "Assembly-CSharp", "Assembly-CSharp.csproj", "{282667C8-B349-8AE4-52C4-C37EA8E3FE28}"
EndProject
Project("{FAE04EC0-301F-11D3-BF4B-00C04F79EFBC}") = "NavMeshComponentsEditor", "NavMeshComponentsEditor.csproj", "{165E1729-7554-DBF9-0E6A-6A47293839D9}"
EndProject
Global
	GlobalSection(SolutionConfigurationPlatforms) = preSolution
		Debug|Any CPU = Debug|Any CPU
		Release|Any CPU = Release|Any CPU
	EndGlobalSection
	GlobalSection(ProjectConfigurationPlatforms) = postSolution
		{264B284B-4F12-C5A9-DAAD-0AB0C73A3911}.Debug|Any CPU.ActiveCfg = Debug|Any CPU
		{264B284B-4F12-C5A9-DAAD-0AB0C73A3911}.Debug|Any CPU.Build.0 = Debug|Any CPU
		{264B284B-4F12-C5A9-DAAD-0AB0C73A3911}.Release|Any CPU.ActiveCfg = Release|Any CPU
		{264B284B-4F12-C5A9-DAAD-0AB0C73A3911}.Release|Any CPU.Build.0 = Release|Any CPU
		{282667C8-B349-8AE4-52C4-C37EA8E3FE28}.Debug|Any CPU.ActiveCfg = Debug|Any CPU
		{282667C8-B349-8AE4-52C4-C37EA8E3FE28}.Debug|Any CPU.Build.0 = Debug|Any CPU
		{282667C8-B349-8AE4-52C4-C37EA8E3FE28}.Release|Any CPU.ActiveCfg = Release|Any CPU
		{282667C8-B349-8AE4-52C4-C37EA8E3FE28}.Release|Any CPU.Build.0 = Release|Any CPU
		{165E1729-7554-DBF9-0E6A-6A47293839D9}.Debug|Any CPU.ActiveCfg = Debug|Any CPU
		{165E1729-7554-DBF9-0E6A-6A47293839D9}.Debug|Any CPU.Build.0 = Debug|Any CPU
		{165E1729-7554-DBF9-0E6A-6A47293839D9}.Release|Any CPU.ActiveCfg = Release|Any CPU
		{165E1729-7554-DBF9-0E6A-6A47293839D9}.Release|Any CPU.Build.0 = Release|Any CPU
	EndGlobalSection
	GlobalSection(SolutionProperties) = preSolution
		HideSolutionNode = FALSE
	EndGlobalSection
EndGlobal
